
Microsoft Visual Studio Solution File, Format Version 12.00
# Visual Studio Version 17
VisualStudioVersion = 17.3.32825.248
MinimumVisualStudioVersion = 10.0.40219.1
Project("{FAE04EC0-301F-11D3-BF4B-00C04F79EFBC}") = "Homework6", "Homework6\Homework6.csproj", "{2064A72A-D18A-40AA-92ED-2EB577702F43}"
EndProject
Global
	GlobalSection(SolutionConfigurationPlatforms) = preSolution
		Debug|Any CPU = Debug|Any CPU
		Release|Any CPU = Release|Any CPU
	EndGlobalSection
	GlobalSection(ProjectConfigurationPlatforms) = postSolution
		{2064A72A-D18A-40AA-92ED-2EB577702F43}.Debug|Any CPU.ActiveCfg = Debug|Any CPU
		{2064A72A-D18A-40AA-92ED-2EB577702F43}.Debug|Any CPU.Build.0 = Debug|Any CPU
		{2064A72A-D18A-40AA-92ED-2EB577702F43}.Release|Any CPU.ActiveCfg = Release|Any CPU
		{2064A72A-D18A-40AA-92ED-2EB577702F43}.Release|Any CPU.Build.0 = Release|Any CPU
	EndGlobalSection
	GlobalSection(SolutionProperties) = preSolution
		HideSolutionNode = FALSE
	EndGlobalSection
	GlobalSection(ExtensibilityGlobals) = postSolution
		SolutionGuid = {D0BB3F0C-0240-4A57-BEE5-778300ADC114}
	EndGlobalSection
EndGlobal
